
Microsoft Visual Studio Solution File, Format Version 11.00
# Visual Studio 2010
Project("{FAE04EC0-301F-11D3-BF4B-00C04F79EFBC}") = "Simple.Migrations", "Simple.Migrations\Simple.Migrations.csproj", "{3129A768-239C-4854-AF43-1068332CA741}"
EndProject
Global
	GlobalSection(SolutionConfigurationPlatforms) = preSolution
		Debug|Any CPU = Debug|Any CPU
		Release|Any CPU = Release|Any CPU
	EndGlobalSection
	GlobalSection(ProjectConfigurationPlatforms) = postSolution
		{3129A768-239C-4854-AF43-1068332CA741}.Debug|Any CPU.ActiveCfg = Debug|Any CPU
		{3129A768-239C-4854-AF43-1068332CA741}.Debug|Any CPU.Build.0 = Debug|Any CPU
		{3129A768-239C-4854-AF43-1068332CA741}.Release|Any CPU.ActiveCfg = Release|Any CPU
		{3129A768-239C-4854-AF43-1068332CA741}.Release|Any CPU.Build.0 = Release|Any CPU
	EndGlobalSection
	GlobalSection(SolutionProperties) = preSolution
		HideSolutionNode = FALSE
	EndGlobalSection
EndGlobal
